
Microsoft Visual Studio Solution File, Format Version 12.00
# Visual Studio Version 16
VisualStudioVersion = 16.0.34601.136
MinimumVisualStudioVersion = 10.0.40219.1
Project("{FAE04EC0-301F-11D3-BF4B-00C04F79EFBC}") = "Pet_project", "WindowsFormsApp2\Pet_project.csproj", "{FF3B874E-CFE4-4D10-9405-4347C4106251}"
EndProject
Global
	GlobalSection(SolutionConfigurationPlatforms) = preSolution
		Debug|Any CPU = Debug|Any CPU
		Release|Any CPU = Release|Any CPU
	EndGlobalSection
	GlobalSection(ProjectConfigurationPlatforms) = postSolution
		{FF3B874E-CFE4-4D10-9405-4347C4106251}.Debug|Any CPU.ActiveCfg = Debug|Any CPU
		{FF3B874E-CFE4-4D10-9405-4347C4106251}.Debug|Any CPU.Build.0 = Debug|Any CPU
		{FF3B874E-CFE4-4D10-9405-4347C4106251}.Release|Any CPU.ActiveCfg = Release|Any CPU
		{FF3B874E-CFE4-4D10-9405-4347C4106251}.Release|Any CPU.Build.0 = Release|Any CPU
	EndGlobalSection
	GlobalSection(SolutionProperties) = preSolution
		HideSolutionNode = FALSE
	EndGlobalSection
	GlobalSection(ExtensibilityGlobals) = postSolution
		SolutionGuid = {CBCB4860-A3A2-4875-B817-FF5BB0028BA1}
	EndGlobalSection
EndGlobal
